
Microsoft Visual Studio Solution File, Format Version 12.00
# Visual Studio Version 16
VisualStudioVersion = 16.0.32126.315
MinimumVisualStudioVersion = 10.0.40219.1
Project("{FAE04EC0-301F-11D3-BF4B-00C04F79EFBC}") = "SecureWebApp", "SecureWebApp\SecureWebApp.csproj", "{FD6939D6-8BE1-40B1-A47A-DD10693CFBA5}"
EndProject
Project("{FAE04EC0-301F-11D3-BF4B-00C04F79EFBC}") = "SSOService", "SSOService\SSOService.csproj", "{9309C356-CBB9-40AA-BBAE-06E385C24F73}"
EndProject
Project("{FAE04EC0-301F-11D3-BF4B-00C04F79EFBC}") = "SSOwebApp2", "SSOwebApp2\SSOwebApp2.csproj", "{7E98181B-6198-4546-90F6-8B489A230763}"
EndProject
Project("{FAE04EC0-301F-11D3-BF4B-00C04F79EFBC}") = "SSOwebApp3", "SSOwebApp3\SSOwebApp3.csproj", "{59992D25-A4C9-4B08-939F-4934D1445260}"
EndProject
Project("{FAE04EC0-301F-11D3-BF4B-00C04F79EFBC}") = "SSOwebApp4_ASP.NET_Core", "SSOwebApp4_ASP.NET_Core\SSOwebApp4_ASP.NET_Core.csproj", "{246F6890-F9EF-47F5-AE52-96E577E6C668}"
EndProject
Global
	GlobalSection(SolutionConfigurationPlatforms) = preSolution
		Debug|Any CPU = Debug|Any CPU
		Release|Any CPU = Release|Any CPU
	EndGlobalSection
	GlobalSection(ProjectConfigurationPlatforms) = postSolution
		{FD6939D6-8BE1-40B1-A47A-DD10693CFBA5}.Debug|Any CPU.ActiveCfg = Debug|Any CPU
		{FD6939D6-8BE1-40B1-A47A-DD10693CFBA5}.Debug|Any CPU.Build.0 = Debug|Any CPU
		{FD6939D6-8BE1-40B1-A47A-DD10693CFBA5}.Release|Any CPU.ActiveCfg = Release|Any CPU
		{FD6939D6-8BE1-40B1-A47A-DD10693CFBA5}.Release|Any CPU.Build.0 = Release|Any CPU
		{9309C356-CBB9-40AA-BBAE-06E385C24F73}.Debug|Any CPU.ActiveCfg = Debug|Any CPU
		{9309C356-CBB9-40AA-BBAE-06E385C24F73}.Debug|Any CPU.Build.0 = Debug|Any CPU
		{9309C356-CBB9-40AA-BBAE-06E385C24F73}.Release|Any CPU.ActiveCfg = Release|Any CPU
		{9309C356-CBB9-40AA-BBAE-06E385C24F73}.Release|Any CPU.Build.0 = Release|Any CPU
		{7E98181B-6198-4546-90F6-8B489A230763}.Debug|Any CPU.ActiveCfg = Debug|Any CPU
		{7E98181B-6198-4546-90F6-8B489A230763}.Debug|Any CPU.Build.0 = Debug|Any CPU
		{7E98181B-6198-4546-90F6-8B489A230763}.Release|Any CPU.ActiveCfg = Release|Any CPU
		{7E98181B-6198-4546-90F6-8B489A230763}.Release|Any CPU.Build.0 = Release|Any CPU
		{59992D25-A4C9-4B08-939F-4934D1445260}.Debug|Any CPU.ActiveCfg = Debug|Any CPU
		{59992D25-A4C9-4B08-939F-4934D1445260}.Debug|Any CPU.Build.0 = Debug|Any CPU
		{59992D25-A4C9-4B08-939F-4934D1445260}.Release|Any CPU.ActiveCfg = Release|Any CPU
		{59992D25-A4C9-4B08-939F-4934D1445260}.Release|Any CPU.Build.0 = Release|Any CPU
		{246F6890-F9EF-47F5-AE52-96E577E6C668}.Debug|Any CPU.ActiveCfg = Debug|Any CPU
		{246F6890-F9EF-47F5-AE52-96E577E6C668}.Debug|Any CPU.Build.0 = Debug|Any CPU
		{246F6890-F9EF-47F5-AE52-96E577E6C668}.Release|Any CPU.ActiveCfg = Release|Any CPU
		{246F6890-F9EF-47F5-AE52-96E577E6C668}.Release|Any CPU.Build.0 = Release|Any CPU
	EndGlobalSection
	GlobalSection(SolutionProperties) = preSolution
		HideSolutionNode = FALSE
	EndGlobalSection
	GlobalSection(ExtensibilityGlobals) = postSolution
		SolutionGuid = {94696D59-B621-4138-ABE8-3A1718FE8A24}
	EndGlobalSection
EndGlobal
